
Microsoft Visual Studio Solution File, Format Version 12.00
# Visual Studio 15
VisualStudioVersion = 15.0.27130.0
MinimumVisualStudioVersion = 10.0.40219.1
Project("{FAE04EC0-301F-11D3-BF4B-00C04F79EFBC}") = "2 - 2", "2 - 2\2 - 2.csproj", "{7C02DF8F-2534-43FA-81A2-F7E4A7325210}"
EndProject
Global
	GlobalSection(SolutionConfigurationPlatforms) = preSolution
		Debug|Any CPU = Debug|Any CPU
		Release|Any CPU = Release|Any CPU
	EndGlobalSection
	GlobalSection(ProjectConfigurationPlatforms) = postSolution
		{7C02DF8F-2534-43FA-81A2-F7E4A7325210}.Debug|Any CPU.ActiveCfg = Debug|Any CPU
		{7C02DF8F-2534-43FA-81A2-F7E4A7325210}.Debug|Any CPU.Build.0 = Debug|Any CPU
		{7C02DF8F-2534-43FA-81A2-F7E4A7325210}.Release|Any CPU.ActiveCfg = Release|Any CPU
		{7C02DF8F-2534-43FA-81A2-F7E4A7325210}.Release|Any CPU.Build.0 = Release|Any CPU
	EndGlobalSection
	GlobalSection(SolutionProperties) = preSolution
		HideSolutionNode = FALSE
	EndGlobalSection
	GlobalSection(ExtensibilityGlobals) = postSolution
		SolutionGuid = {4FBE7F4E-CCE3-4DD7-99D4-540E0E34D720}
	EndGlobalSection
EndGlobal
