
Microsoft Visual Studio Solution File, Format Version 12.00
# Visual Studio 15
VisualStudioVersion = 15.0.27130.0
MinimumVisualStudioVersion = 10.0.40219.1
Project("{FAE04EC0-301F-11D3-BF4B-00C04F79EFBC}") = "2 -11", "2 -11\2 -11.csproj", "{A16669F1-FE88-4650-A46D-D45F220DE541}"
EndProject
Global
	GlobalSection(SolutionConfigurationPlatforms) = preSolution
		Debug|Any CPU = Debug|Any CPU
		Release|Any CPU = Release|Any CPU
	EndGlobalSection
	GlobalSection(ProjectConfigurationPlatforms) = postSolution
		{A16669F1-FE88-4650-A46D-D45F220DE541}.Debug|Any CPU.ActiveCfg = Debug|Any CPU
		{A16669F1-FE88-4650-A46D-D45F220DE541}.Debug|Any CPU.Build.0 = Debug|Any CPU
		{A16669F1-FE88-4650-A46D-D45F220DE541}.Release|Any CPU.ActiveCfg = Release|Any CPU
		{A16669F1-FE88-4650-A46D-D45F220DE541}.Release|Any CPU.Build.0 = Release|Any CPU
	EndGlobalSection
	GlobalSection(SolutionProperties) = preSolution
		HideSolutionNode = FALSE
	EndGlobalSection
	GlobalSection(ExtensibilityGlobals) = postSolution
		SolutionGuid = {98E35A9F-67FD-4D61-BB1C-B7B423A32D59}
	EndGlobalSection
EndGlobal
