
Microsoft Visual Studio Solution File, Format Version 12.00
# Visual Studio 15
VisualStudioVersion = 15.0.27130.2010
MinimumVisualStudioVersion = 10.0.40219.1
Project("{FAE04EC0-301F-11D3-BF4B-00C04F79EFBC}") = "1 - 1 Core", "1 - 1 Core\1 - 1 Core.csproj", "{4C39EE8F-21D4-4AEA-8B01-3AEF6CBD4B20}"
EndProject
Global
	GlobalSection(SolutionConfigurationPlatforms) = preSolution
		Debug|Any CPU = Debug|Any CPU
		Release|Any CPU = Release|Any CPU
	EndGlobalSection
	GlobalSection(ProjectConfigurationPlatforms) = postSolution
		{4C39EE8F-21D4-4AEA-8B01-3AEF6CBD4B20}.Debug|Any CPU.ActiveCfg = Debug|Any CPU
		{4C39EE8F-21D4-4AEA-8B01-3AEF6CBD4B20}.Debug|Any CPU.Build.0 = Debug|Any CPU
		{4C39EE8F-21D4-4AEA-8B01-3AEF6CBD4B20}.Release|Any CPU.ActiveCfg = Release|Any CPU
		{4C39EE8F-21D4-4AEA-8B01-3AEF6CBD4B20}.Release|Any CPU.Build.0 = Release|Any CPU
	EndGlobalSection
	GlobalSection(SolutionProperties) = preSolution
		HideSolutionNode = FALSE
	EndGlobalSection
	GlobalSection(ExtensibilityGlobals) = postSolution
		SolutionGuid = {7E7D6B8A-01EE-4C0B-AB33-12B7FD4AD54B}
	EndGlobalSection
EndGlobal
